{
  "version": 4,
  "terraform_version": "1.12.1",
  "serial": 3,
  "lineage": "5edaeca9-f0eb-6a87-73c6-edb4c8256ff6",
  "outputs": {},
  "resources": [
    {
      "mode": "managed",
      "type": "aws_glue_job",
      "name": "glue_job_glueetl",
      "provider": "provider[\"registry.terraform.io/hashicorp/aws\"]",
      "instances": [
        {
          "index_key": 0,
          "schema_version": 0,
          "attributes": {
            "arn": "arn:aws:glue:us-east-2:575108915615:job/bvn_js1_bn_s1_test_job",
            "command": [
              {
                "name": "glueetl",
                "python_version": "3",
                "script_location": "s3://test-bucket-bvn/Python/GLUE_DATABASE_EXTRACTION_FRAMEWORK.py"
              }
            ],
            "connections": [],
            "default_arguments": null,
            "description": "Test Terraform AWS Glue",
            "execution_class": "",
            "execution_property": [
              {
                "max_concurrent_runs": 1
              }
            ],
            "glue_version": "2.0",
            "id": "bvn_js1_bn_s1_test_job",
            "max_capacity": 2,
            "max_retries": 2,
            "name": "bvn_js1_bn_s1_test_job",
            "non_overridable_arguments": null,
            "notification_property": [],
            "number_of_workers": 2,
            "role_arn": "arn:aws:iam::575108915615:role/bvn-test-role",
            "security_configuration": "",
            "tags": {
              "Description": "Common Description",
              "Name": "bvn_js1_bn_s1_test_job"
            },
            "tags_all": {
              "Description": "Common Description",
              "Name": "bvn_js1_bn_s1_test_job"
            },
            "timeout": 2880,
            "worker_type": "Standard"
          },
          "sensitive_attributes": [],
          "identity_schema_version": 0,
          "private": "bnVsbA==",
          "dependencies": [
            "aws_iam_role.bvn_role"
          ]
        }
      ]
    },
    {
      "mode": "managed",
      "type": "aws_iam_role",
      "name": "bvn_role",
      "provider": "provider[\"registry.terraform.io/hashicorp/aws\"]",
      "instances": [
        {
          "schema_version": 0,
          "attributes": {
            "arn": "arn:aws:iam::575108915615:role/bvn-test-role",
            "assume_role_policy": "{\"Statement\":[{\"Action\":\"sts:AssumeRole\",\"Effect\":\"Allow\",\"Principal\":{\"Service\":\"glue.amazonaws.com\"}}],\"Version\":\"2012-10-17\"}",
            "create_date": "2025-06-12T10:10:34Z",
            "description": "",
            "force_detach_policies": false,
            "id": "bvn-test-role",
            "inline_policy": [],
            "managed_policy_arns": [],
            "max_session_duration": 3600,
            "name": "bvn-test-role",
            "name_prefix": "",
            "path": "/",
            "permissions_boundary": null,
            "role_last_used": [
              {
                "last_used_date": "",
                "region": ""
              }
            ],
            "tags": {
              "Description": "Common Description",
              "Name": "bvn-test-role"
            },
            "tags_all": {
              "Description": "Common Description",
              "Name": "bvn-test-role"
            },
            "unique_id": "AROAYLZZJUGP2I7C2BNRN"
          },
          "sensitive_attributes": [],
          "identity_schema_version": 0,
          "private": "bnVsbA=="
        }
      ]
    }
  ],
  "check_results": [
    {
      "object_kind": "var",
      "config_addr": "var.tag_environment",
      "status": "pass",
      "objects": [
        {
          "object_addr": "var.tag_environment",
          "status": "pass"
        }
      ]
    },
    {
      "object_kind": "var",
      "config_addr": "var.command_name",
      "status": "pass",
      "objects": [
        {
          "object_addr": "var.command_name",
          "status": "pass"
        }
      ]
    }
  ]
}
